// !$*UTF8*$!
{
	archiveVersion = 1;
	classes = {
	};
	objectVersion = 50;
	objects = {

/* Begin PBXBuildFile section */
		BF0414D526A87672004EE172 /* AppDelegate.swift in Sources */ = {isa = PBXBuildFile; fileRef = BF0414D426A87672004EE172 /* AppDelegate.swift */; };
		BF0414D726A87672004EE172 /* SceneDelegate.swift in Sources */ = {isa = PBXBuildFile; fileRef = BF0414D626A87672004EE172 /* SceneDelegate.swift */; };
		BF0414D926A87672004EE172 /* ViewController.swift in Sources */ = {isa = PBXBuildFile; fileRef = BF0414D826A87672004EE172 /* ViewController.swift */; };
		BF0414DC26A87672004EE172 /* Main.storyboard in Resources */ = {isa = PBXBuildFile; fileRef = BF0414DA26A87672004EE172 /* Main.storyboard */; };
		BF0414DE26A87675004EE172 /* Assets.xcassets in Resources */ = {isa = PBXBuildFile; fileRef = BF0414DD26A87675004EE172 /* Assets.xcassets */; };
		BF0414E126A87675004EE172 /* LaunchScreen.storyboard in Resources */ = {isa = PBXBuildFile; fileRef = BF0414DF26A87675004EE172 /* LaunchScreen.storyboard */; };
		BF2D4CF926BA6A2900527E89 /* level1.txt in Resources */ = {isa = PBXBuildFile; fileRef = BF2D4CF826BA6A2900527E89 /* level1.txt */; };
		BF2FEF9F26B2690E004160A5 /* p8Button.swift in Sources */ = {isa = PBXBuildFile; fileRef = BF2FEF9E26B2690E004160A5 /* p8Button.swift */; };
		BF90950E26BC142300448C3A /* level2.txt in Resources */ = {isa = PBXBuildFile; fileRef = BF90950D26BC142300448C3A /* level2.txt */; };
/* End PBXBuildFile section */

/* Begin PBXFileReference section */
		BF0414D126A87672004EE172 /* hws-p8.app */ = {isa = PBXFileReference; explicitFileType = wrapper.application; includeInIndex = 0; path = "hws-p8.app"; sourceTree = BUILT_PRODUCTS_DIR; };
		BF0414D426A87672004EE172 /* AppDelegate.swift */ = {isa = PBXFileReference; lastKnownFileType = sourcecode.swift; path = AppDelegate.swift; sourceTree = "<group>"; };
		BF0414D626A87672004EE172 /* SceneDelegate.swift */ = {isa = PBXFileReference; lastKnownFileType = sourcecode.swift; path = SceneDelegate.swift; sourceTree = "<group>"; };
		BF0414D826A87672004EE172 /* ViewController.swift */ = {isa = PBXFileReference; lastKnownFileType = sourcecode.swift; path = ViewController.swift; sourceTree = "<group>"; };
		BF0414DB26A87672004EE172 /* Base */ = {isa = PBXFileReference; lastKnownFileType = file.storyboard; name = Base; path = Base.lproj/Main.storyboard; sourceTree = "<group>"; };
		BF0414DD26A87675004EE172 /* Assets.xcassets */ = {isa = PBXFileReference; lastKnownFileType = folder.assetcatalog; path = Assets.xcassets; sourceTree = "<group>"; };
		BF0414E026A87675004EE172 /* Base */ = {isa = PBXFileReference; lastKnownFileType = file.storyboard; name = Base; path = Base.lproj/LaunchScreen.storyboard; sourceTree = "<group>"; };
		BF0414E226A87675004EE172 /* Info.plist */ = {isa = PBXFileReference; lastKnownFileType = text.plist.xml; path = Info.plist; sourceTree = "<group>"; };
		BF2D4CF826BA6A2900527E89 /* level1.txt */ = {isa = PBXFileReference; fileEncoding = 4; lastKnownFileType = text; path = level1.txt; sourceTree = "<group>"; };
		BF2FEF9E26B2690E004160A5 /* p8Button.swift */ = {isa = PBXFileReference; lastKnownFileType = sourcecode.swift; path = p8Button.swift; sourceTree = "<group>"; };
		BF90950D26BC142300448C3A /* level2.txt */ = {isa = PBXFileReference; fileEncoding = 4; lastKnownFileType = text; path = level2.txt; sourceTree = "<group>"; };
/* End PBXFileReference section */

/* Begin PBXFrameworksBuildPhase section */
		BF0414CE26A87672004EE172 /* Frameworks */ = {
			isa = PBXFrameworksBuildPhase;
			buildActionMask = 2147483647;
			files = (
			);
			runOnlyForDeploymentPostprocessing = 0;
		};
/* End PBXFrameworksBuildPhase section */

/* Begin PBXGroup section */
		BF0414C826A87671004EE172 = {
			isa = PBXGroup;
			children = (
				BF0414D326A87672004EE172 /* hws-p8 */,
				BF0414D226A87672004EE172 /* Products */,
			);
			sourceTree = "<group>";
		};
		BF0414D226A87672004EE172 /* Products */ = {
			isa = PBXGroup;
			children = (
				BF0414D126A87672004EE172 /* hws-p8.app */,
			);
			name = Products;
			sourceTree = "<group>";
		};
		BF0414D326A87672004EE172 /* hws-p8 */ = {
			isa = PBXGroup;
			children = (
				BF0414D426A87672004EE172 /* AppDelegate.swift */,
				BF0414D626A87672004EE172 /* SceneDelegate.swift */,
				BF0414D826A87672004EE172 /* ViewController.swift */,
				BF2FEF9E26B2690E004160A5 /* p8Button.swift */,
				BF2D4CF826BA6A2900527E89 /* level1.txt */,
				BF90950D26BC142300448C3A /* level2.txt */,
				BF0414DA26A87672004EE172 /* Main.storyboard */,
				BF0414DD26A87675004EE172 /* Assets.xcassets */,
				BF0414DF26A87675004EE172 /* LaunchScreen.storyboard */,
				BF0414E226A87675004EE172 /* Info.plist */,
			);
			path = "hws-p8";
			sourceTree = "<group>";
		};
/* End PBXGroup section */

/* Begin PBXNativeTarget section */
		BF0414D026A87672004EE172 /* hws-p8 */ = {
			isa = PBXNativeTarget;
			buildConfigurationList = BF0414E526A87675004EE172 /* Build configuration list for PBXNativeTarget "hws-p8" */;
			buildPhases = (
				BF0414CD26A87672004EE172 /* Sources */,
				BF0414CE26A87672004EE172 /* Frameworks */,
				BF0414CF26A87672004EE172 /* Resources */,
			);
			buildRules = (
			);
			dependencies = (
			);
			name = "hws-p8";
			productName = "hws-p8";
			productReference = BF0414D126A87672004EE172 /* hws-p8.app */;
			productType = "com.apple.product-type.application";
		};
/* End PBXNativeTarget section */

/* Begin PBXProject section */
		BF0414C926A87671004EE172 /* Project object */ = {
			isa = PBXProject;
			attributes = {
				LastSwiftUpdateCheck = 1250;
				LastUpgradeCheck = 1250;
				TargetAttributes = {
					BF0414D026A87672004EE172 = {
						CreatedOnToolsVersion = 12.5.1;
					};
				};
			};
			buildConfigurationList = BF0414CC26A87671004EE172 /* Build configuration list for PBXProject "hws-p8" */;
			compatibilityVersion = "Xcode 9.3";
			developmentRegion = en;
			hasScannedForEncodings = 0;
			knownRegions = (
				en,
				Base,
			);
			mainGroup = BF0414C826A87671004EE172;
			productRefGroup = BF0414D226A87672004EE172 /* Products */;
			projectDirPath = "";
			projectRoot = "";
			targets = (
				BF0414D026A87672004EE172 /* hws-p8 */,
			);
		};
/* End PBXProject section */

/* Begin PBXResourcesBuildPhase section */
		BF0414CF26A87672004EE172 /* Resources */ = {
			isa = PBXResourcesBuildPhase;
			buildActionMask = 2147483647;
			files = (
				BF90950E26BC142300448C3A /* level2.txt in Resources */,
				BF0414E126A87675004EE172 /* LaunchScreen.storyboard in Resources */,
				BF2D4CF926BA6A2900527E89 /* level1.txt in Resources */,
				BF0414DE26A87675004EE172 /* Assets.xcassets in Resources */,
				BF0414DC26A87672004EE172 /* Main.storyboard in Resources */,
			);
			runOnlyForDeploymentPostprocessing = 0;
		};
/* End PBXResourcesBuildPhase section */

/* Begin PBXSourcesBuildPhase section */
		BF0414CD26A87672004EE172 /* Sources */ = {
			isa = PBXSourcesBuildPhase;
			buildActionMask = 2147483647;
			files = (
				BF0414D926A87672004EE172 /* ViewController.swift in Sources */,
				BF2FEF9F26B2690E004160A5 /* p8Button.swift in Sources */,
				BF0414D526A87672004EE172 /* AppDelegate.swift in Sources */,
				BF0414D726A87672004EE172 /* SceneDelegate.swift in Sources */,
			);
			runOnlyForDeploymentPostprocessing = 0;
		};
/* End PBXSourcesBuildPhase section */

/* Begin PBXVariantGroup section */
		BF0414DA26A87672004EE172 /* Main.storyboard */ = {
			isa = PBXVariantGroup;
			children = (
				BF0414DB26A87672004EE172 /* Base */,
			);
			name = Main.storyboard;
			sourceTree = "<group>";
		};
		BF0414DF26A87675004EE172 /* LaunchScreen.storyboard */ = {
			isa = PBXVariantGroup;
			children = (
				BF0414E026A87675004EE172 /* Base */,
			);
			name = LaunchScreen.storyboard;
			sourceTree = "<group>";
		};
/* End PBXVariantGroup section */

/* Begin XCBuildConfiguration section */
		BF0414E326A87675004EE172 /* Debug */ = {
			isa = XCBuildConfiguration;
			buildSettings = {
				ALWAYS_SEARCH_USER_PATHS = NO;
				CLANG_ANALYZER_NONNULL = YES;
				CLANG_ANALYZER_NUMBER_OBJECT_CONVERSION = YES_AGGRESSIVE;
				CLANG_CXX_LANGUAGE_STANDARD = "gnu++14";
				CLANG_CXX_LIBRARY = "libc++";
				CLANG_ENABLE_MODULES = YES;
				CLANG_ENABLE_OBJC_ARC = YES;
				CLANG_ENABLE_OBJC_WEAK = YES;
				CLANG_WARN_BLOCK_CAPTURE_AUTORELEASING = YES;
				CLANG_WARN_BOOL_CONVERSION = YES;
				CLANG_WARN_COMMA = YES;
				CLANG_WARN_CONSTANT_CONVERSION = YES;
				CLANG_WARN_DEPRECATED_OBJC_IMPLEMENTATIONS = YES;
				CLANG_WARN_DIRECT_OBJC_ISA_USAGE = YES_ERROR;
				CLANG_WARN_DOCUMENTATION_COMMENTS = YES;
				CLANG_WARN_EMPTY_BODY = YES;
				CLANG_WARN_ENUM_CONVERSION = YES;
				CLANG_WARN_INFINITE_RECURSION = YES;
				CLANG_WARN_INT_CONVERSION = YES;
				CLANG_WARN_NON_LITERAL_NULL_CONVERSION = YES;
				CLANG_WARN_OBJC_IMPLICIT_RETAIN_SELF = YES;
				CLANG_WARN_OBJC_LITERAL_CONVERSION = YES;
				CLANG_WARN_OBJC_ROOT_CLASS = YES_ERROR;
				CLANG_WARN_QUOTED_INCLUDE_IN_FRAMEWORK_HEADER = YES;
				CLANG_WARN_RANGE_LOOP_ANALYSIS = YES;
				CLANG_WARN_STRICT_PROTOTYPES = YES;
				CLANG_WARN_SUSPICIOUS_MOVE = YES;
				CLANG_WARN_UNGUARDED_AVAILABILITY = YES_AGGRESSIVE;
				CLANG_WARN_UNREACHABLE_CODE = YES;
				CLANG_WARN__DUPLICATE_METHOD_MATCH = YES;
				COPY_PHASE_STRIP = NO;
				DEBUG_INFORMATION_FORMAT = dwarf;
				ENABLE_STRICT_OBJC_MSGSEND = YES;
				ENABLE_TESTABILITY = YES;
				GCC_C_LANGUAGE_STANDARD = gnu11;
				GCC_DYNAMIC_NO_PIC = NO;
				GCC_NO_COMMON_BLOCKS = YES;
				GCC_OPTIMIZATION_LEVEL = 0;
				GCC_PREPROCESSOR_DEFINITIONS = (
					"DEBUG=1",
					"$(inherited)",
				);
				GCC_WARN_64_TO_32_BIT_CONVERSION = YES;
				GCC_WARN_ABOUT_RETURN_TYPE = YES_ERROR;
				GCC_WARN_UNDECLARED_SELECTOR = YES;
				GCC_WARN_UNINITIALIZED_AUTOS = YES_AGGRESSIVE;
				GCC_WARN_UNUSED_FUNCTION = YES;
				GCC_WARN_UNUSED_VARIABLE = YES;
				IPHONEOS_DEPLOYMENT_TARGET = 14.5;
				MTL_ENABLE_DEBUG_INFO = INCLUDE_SOURCE;
				MTL_FAST_MATH = YES;
				ONLY_ACTIVE_ARCH = YES;
				SDKROOT = iphoneos;
				SWIFT_ACTIVE_COMPILATION_CONDITIONS = DEBUG;
				SWIFT_OPTIMIZATION_LEVEL = "-Onone";
			};
			name = Debug;
		};
		BF0414E426A87675004EE172 /* Release */ = {
			isa = XCBuildConfiguration;
			buildSettings = {
				ALWAYS_SEARCH_USER_PATHS = NO;
				CLANG_ANALYZER_NONNULL = YES;
				CLANG_ANALYZER_NUMBER_OBJECT_CONVERSION = YES_AGGRESSIVE;
				CLANG_CXX_LANGUAGE_STANDARD = "gnu++14";
				CLANG_CXX_LIBRARY = "libc++";
				CLANG_ENABLE_MODULES = YES;
				CLANG_ENABLE_OBJC_ARC = YES;
				CLANG_ENABLE_OBJC_WEAK = YES;
				CLANG_WARN_BLOCK_CAPTURE_AUTORELEASING = YES;
				CLANG_WARN_BOOL_CONVERSION = YES;
				CLANG_WARN_COMMA = YES;
				CLANG_WARN_CONSTANT_CONVERSION = YES;
				CLANG_WARN_DEPRECATED_OBJC_IMPLEMENTATIONS = YES;
				CLANG_WARN_DIRECT_OBJC_ISA_USAGE = YES_ERROR;
				CLANG_WARN_DOCUMENTATION_COMMENTS = YES;
				CLANG_WARN_EMPTY_BODY = YES;
				CLANG_WARN_ENUM_CONVERSION = YES;
				CLANG_WARN_INFINITE_RECURSION = YES;
				CLANG_WARN_INT_CONVERSION = YES;
				CLANG_WARN_NON_LITERAL_NULL_CONVERSION = YES;
				CLANG_WARN_OBJC_IMPLICIT_RETAIN_SELF = YES;
				CLANG_WARN_OBJC_LITERAL_CONVERSION = YES;
				CLANG_WARN_OBJC_ROOT_CLASS = YES_ERROR;
				CLANG_WARN_QUOTED_INCLUDE_IN_FRAMEWORK_HEADER = YES;
				CLANG_WARN_RANGE_LOOP_ANALYSIS = YES;
				CLANG_WARN_STRICT_PROTOTYPES = YES;
				CLANG_WARN_SUSPICIOUS_MOVE = YES;
				CLANG_WARN_UNGUARDED_AVAILABILITY = YES_AGGRESSIVE;
				CLANG_WARN_UNREACHABLE_CODE = YES;
				CLANG_WARN__DUPLICATE_METHOD_MATCH = YES;
				COPY_PHASE_STRIP = NO;
				DEBUG_INFORMATION_FORMAT = "dwarf-with-dsym";
				ENABLE_NS_ASSERTIONS = NO;
				ENABLE_STRICT_OBJC_MSGSEND = YES;
				GCC_C_LANGUAGE_STANDARD = gnu11;
				GCC_NO_COMMON_BLOCKS = YES;
				GCC_WARN_64_TO_32_BIT_CONVERSION = YES;
				GCC_WARN_ABOUT_RETURN_TYPE = YES_ERROR;
				GCC_WARN_UNDECLARED_SELECTOR = YES;
				GCC_WARN_UNINITIALIZED_AUTOS = YES_AGGRESSIVE;
				GCC_WARN_UNUSED_FUNCTION = YES;
				GCC_WARN_UNUSED_VARIABLE = YES;
				IPHONEOS_DEPLOYMENT_TARGET = 14.5;
				MTL_ENABLE_DEBUG_INFO = NO;
				MTL_FAST_MATH = YES;
				SDKROOT = iphoneos;
				SWIFT_COMPILATION_MODE = wholemodule;
				SWIFT_OPTIMIZATION_LEVEL = "-O";
				VALIDATE_PRODUCT = YES;
			};
			name = Release;
		};
		BF0414E626A87675004EE172 /* Debug */ = {
			isa = XCBuildConfiguration;
			buildSettings = {
				ASSETCATALOG_COMPILER_APPICON_NAME = AppIcon;
				ASSETCATALOG_COMPILER_GLOBAL_ACCENT_COLOR_NAME = AccentColor;
				CODE_SIGN_STYLE = Automatic;
				DEVELOPMENT_TEAM = 9T3DK8DFL5;
				INFOPLIST_FILE = "hws-p8/Info.plist";
				LD_RUNPATH_SEARCH_PATHS = (
					"$(inherited)",
					"@executable_path/Frameworks",
				);
				PRODUCT_BUNDLE_IDENTIFIER = "com.dzhiphop.hws-p8";
				PRODUCT_NAME = "$(TARGET_NAME)";
				SWIFT_VERSION = 5.0;
				TARGETED_DEVICE_FAMILY = 2;
			};
			name = Debug;
		};
		BF0414E726A87675004EE172 /* Release */ = {
			isa = XCBuildConfiguration;
			buildSettings = {
				ASSETCATALOG_COMPILER_APPICON_NAME = AppIcon;
				ASSETCATALOG_COMPILER_GLOBAL_ACCENT_COLOR_NAME = AccentColor;
				CODE_SIGN_STYLE = Automatic;
				DEVELOPMENT_TEAM = 9T3DK8DFL5;
				INFOPLIST_FILE = "hws-p8/Info.plist";
				LD_RUNPATH_SEARCH_PATHS = (
					"$(inherited)",
					"@executable_path/Frameworks",
				);
				PRODUCT_BUNDLE_IDENTIFIER = "com.dzhiphop.hws-p8";
				PRODUCT_NAME = "$(TARGET_NAME)";
				SWIFT_VERSION = 5.0;
				TARGETED_DEVICE_FAMILY = 2;
			};
			name = Release;
		};
/* End XCBuildConfiguration section */

/* Begin XCConfigurationList section */
		BF0414CC26A87671004EE172 /* Build configuration list for PBXProject "hws-p8" */ = {
			isa = XCConfigurationList;
			buildConfigurations = (
				BF0414E326A87675004EE172 /* Debug */,
				BF0414E426A87675004EE172 /* Release */,
			);
			defaultConfigurationIsVisible = 0;
			defaultConfigurationName = Release;
		};
		BF0414E526A87675004EE172 /* Build configuration list for PBXNativeTarget "hws-p8" */ = {
			isa = XCConfigurationList;
			buildConfigurations = (
				BF0414E626A87675004EE172 /* Debug */,
				BF0414E726A87675004EE172 /* Release */,
			);
			defaultConfigurationIsVisible = 0;
			defaultConfigurationName = Release;
		};
/* End XCConfigurationList section */
	};
	rootObject = BF0414C926A87671004EE172 /* Project object */;
}
